// !$*UTF8*$!
{
	archiveVersion = 1;
	classes = {
	};
	objectVersion = 77;
	objects = {

/* Begin PBXContainerItemProxy section */
		E33889822E6200D600588266 /* PBXContainerItemProxy */ = {
			isa = PBXContainerItemProxy;
			containerPortal = E33889692E6200D500588266 /* Project object */;
			proxyType = 1;
			remoteGlobalIDString = E33889702E6200D500588266;
			remoteInfo = RecmatcherApp;
		};
		E338898C2E6200D600588266 /* PBXContainerItemProxy */ = {
			isa = PBXContainerItemProxy;
			containerPortal = E33889692E6200D500588266 /* Project object */;
			proxyType = 1;
			remoteGlobalIDString = E33889702E6200D500588266;
			remoteInfo = RecmatcherApp;
		};
/* End PBXContainerItemProxy section */

/* Begin PBXFileReference section */
		E33889712E6200D500588266 /* RecmatcherApp.app */ = {isa = PBXFileReference; explicitFileType = wrapper.application; includeInIndex = 0; path = RecmatcherApp.app; sourceTree = BUILT_PRODUCTS_DIR; };
		E33889812E6200D600588266 /* RecmatcherAppTests.xctest */ = {isa = PBXFileReference; explicitFileType = wrapper.cfbundle; includeInIndex = 0; path = RecmatcherAppTests.xctest; sourceTree = BUILT_PRODUCTS_DIR; };
		E338898B2E6200D600588266 /* RecmatcherAppUITests.xctest */ = {isa = PBXFileReference; explicitFileType = wrapper.cfbundle; includeInIndex = 0; path = RecmatcherAppUITests.xctest; sourceTree = BUILT_PRODUCTS_DIR; };
/* End PBXFileReference section */

/* Begin PBXFileSystemSynchronizedBuildFileExceptionSet section */
		E3A8F8242E7BB84300B5FD1A /* Exceptions for "RecmatcherApp" folder in "RecmatcherApp" target */ = {
			isa = PBXFileSystemSynchronizedBuildFileExceptionSet;
			membershipExceptions = (
				Info.plist,
			);
			target = E33889702E6200D500588266 /* RecmatcherApp */;
		};
/* End PBXFileSystemSynchronizedBuildFileExceptionSet section */

/* Begin PBXFileSystemSynchronizedRootGroup section */
		E33889732E6200D500588266 /* RecmatcherApp */ = {
			isa = PBXFileSystemSynchronizedRootGroup;
			exceptions = (
				E3A8F8242E7BB84300B5FD1A /* Exceptions for "RecmatcherApp" folder in "RecmatcherApp" target */,
			);
			path = RecmatcherApp;
			sourceTree = "<group>";
		};
		E33889842E6200D600588266 /* RecmatcherAppTests */ = {
			isa = PBXFileSystemSynchronizedRootGroup;
			path = RecmatcherAppTests;
			sourceTree = "<group>";
		};
		E338898E2E6200D600588266 /* RecmatcherAppUITests */ = {
			isa = PBXFileSystemSynchronizedRootGroup;
			path = RecmatcherAppUITests;
			sourceTree = "<group>";
		};
/* End PBXFileSystemSynchronizedRootGroup section */

/* Begin PBXFrameworksBuildPhase section */
		E338896E2E6200D500588266 /* Frameworks */ = {
			isa = PBXFrameworksBuildPhase;
			buildActionMask = 2147483647;
			files = (
			);
			runOnlyForDeploymentPostprocessing = 0;
		};
		E338897E2E6200D600588266 /* Frameworks */ = {
			isa = PBXFrameworksBuildPhase;
			buildActionMask = 2147483647;
			files = (
			);
			runOnlyForDeploymentPostprocessing = 0;
		};
		E33889882E6200D600588266 /* Frameworks */ = {
			isa = PBXFrameworksBuildPhase;
			buildActionMask = 2147483647;
			files = (
			);
			runOnlyForDeploymentPostprocessing = 0;
		};
/* End PBXFrameworksBuildPhase section */

/* Begin PBXGroup section */
		E33889682E6200D500588266 = {
			isa = PBXGroup;
			children = (
				E33889732E6200D500588266 /* RecmatcherApp */,
				E33889842E6200D600588266 /* RecmatcherAppTests */,
				E338898E2E6200D600588266 /* RecmatcherAppUITests */,
				E33889722E6200D500588266 /* Products */,
			);
			sourceTree = "<group>";
		};
		E33889722E6200D500588266 /* Products */ = {
			isa = PBXGroup;
			children = (
				E33889712E6200D500588266 /* RecmatcherApp.app */,
				E33889812E6200D600588266 /* RecmatcherAppTests.xctest */,
				E338898B2E6200D600588266 /* RecmatcherAppUITests.xctest */,
			);
			name = Products;
			sourceTree = "<group>";
		};
/* End PBXGroup section */

/* Begin PBXNativeTarget section */
		E33889702E6200D500588266 /* RecmatcherApp */ = {
			isa = PBXNativeTarget;
			buildConfigurationList = E33889952E6200D600588266 /* Build configuration list for PBXNativeTarget "RecmatcherApp" */;
			buildPhases = (
				E338896D2E6200D500588266 /* Sources */,
				E338896E2E6200D500588266 /* Frameworks */,
				E338896F2E6200D500588266 /* Resources */,
			);
			buildRules = (
			);
			dependencies = (
			);
			fileSystemSynchronizedGroups = (
				E33889732E6200D500588266 /* RecmatcherApp */,
			);
			name = RecmatcherApp;
			packageProductDependencies = (
			);
			productName = RecmatcherApp;
			productReference = E33889712E6200D500588266 /* RecmatcherApp.app */;
			productType = "com.apple.product-type.application";
		};
		E33889802E6200D600588266 /* RecmatcherAppTests */ = {
			isa = PBXNativeTarget;
			buildConfigurationList = E33889982E6200D600588266 /* Build configuration list for PBXNativeTarget "RecmatcherAppTests" */;
			buildPhases = (
				E338897D2E6200D600588266 /* Sources */,
				E338897E2E6200D600588266 /* Frameworks */,
				E338897F2E6200D600588266 /* Resources */,
			);
			buildRules = (
			);
			dependencies = (
				E33889832E6200D600588266 /* PBXTargetDependency */,
			);
			fileSystemSynchronizedGroups = (
				E33889842E6200D600588266 /* RecmatcherAppTests */,
			);
			name = RecmatcherAppTests;
			packageProductDependencies = (
			);
			productName = RecmatcherAppTests;
			productReference = E33889812E6200D600588266 /* RecmatcherAppTests.xctest */;
			productType = "com.apple.product-type.bundle.unit-test";
		};
		E338898A2E6200D600588266 /* RecmatcherAppUITests */ = {
			isa = PBXNativeTarget;
			buildConfigurationList = E338899B2E6200D600588266 /* Build configuration list for PBXNativeTarget "RecmatcherAppUITests" */;
			buildPhases = (
				E33889872E6200D600588266 /* Sources */,
				E33889882E6200D600588266 /* Frameworks */,
				E33889892E6200D600588266 /* Resources */,
			);
			buildRules = (
			);
			dependencies = (
				E338898D2E6200D600588266 /* PBXTargetDependency */,
			);
			fileSystemSynchronizedGroups = (
				E338898E2E6200D600588266 /* RecmatcherAppUITests */,
			);
			name = RecmatcherAppUITests;
			packageProductDependencies = (
			);
			productName = RecmatcherAppUITests;
			productReference = E338898B2E6200D600588266 /* RecmatcherAppUITests.xctest */;
			productType = "com.apple.product-type.bundle.ui-testing";
		};
/* End PBXNativeTarget section */

/* Begin PBXProject section */
		E33889692E6200D500588266 /* Project object */ = {
			isa = PBXProject;
			attributes = {
				BuildIndependentTargetsInParallel = 1;
				LastSwiftUpdateCheck = 1640;
				LastUpgradeCheck = 1640;
				TargetAttributes = {
					E33889702E6200D500588266 = {
						CreatedOnToolsVersion = 16.4;
					};
					E33889802E6200D600588266 = {
						CreatedOnToolsVersion = 16.4;
						TestTargetID = E33889702E6200D500588266;
					};
					E338898A2E6200D600588266 = {
						CreatedOnToolsVersion = 16.4;
						TestTargetID = E33889702E6200D500588266;
					};
				};
			};
			buildConfigurationList = E338896C2E6200D500588266 /* Build configuration list for PBXProject "RecmatcherApp" */;
			developmentRegion = en;
			hasScannedForEncodings = 0;
			knownRegions = (
				en,
				Base,
			);
			mainGroup = E33889682E6200D500588266;
			minimizedProjectReferenceProxies = 1;
			preferredProjectObjectVersion = 77;
			productRefGroup = E33889722E6200D500588266 /* Products */;
			projectDirPath = "";
			projectRoot = "";
			targets = (
				E33889702E6200D500588266 /* RecmatcherApp */,
				E33889802E6200D600588266 /* RecmatcherAppTests */,
				E338898A2E6200D600588266 /* RecmatcherAppUITests */,
			);
		};
/* End PBXProject section */

/* Begin PBXResourcesBuildPhase section */
		E338896F2E6200D500588266 /* Resources */ = {
			isa = PBXResourcesBuildPhase;
			buildActionMask = 2147483647;
			files = (
			);
			runOnlyForDeploymentPostprocessing = 0;
		};
		E338897F2E6200D600588266 /* Resources */ = {
			isa = PBXResourcesBuildPhase;
			buildActionMask = 2147483647;
			files = (
			);
			runOnlyForDeploymentPostprocessing = 0;
		};
		E33889892E6200D600588266 /* Resources */ = {
			isa = PBXResourcesBuildPhase;
			buildActionMask = 2147483647;
			files = (
			);
			runOnlyForDeploymentPostprocessing = 0;
		};
/* End PBXResourcesBuildPhase section */

/* Begin PBXSourcesBuildPhase section */
		E338896D2E6200D500588266 /* Sources */ = {
			isa = PBXSourcesBuildPhase;
			buildActionMask = 2147483647;
			files = (
			);
			runOnlyForDeploymentPostprocessing = 0;
		};
		E338897D2E6200D600588266 /* Sources */ = {
			isa = PBXSourcesBuildPhase;
			buildActionMask = 2147483647;
			files = (
			);
			runOnlyForDeploymentPostprocessing = 0;
		};
		E33889872E6200D600588266 /* Sources */ = {
			isa = PBXSourcesBuildPhase;
			buildActionMask = 2147483647;
			files = (
			);
			runOnlyForDeploymentPostprocessing = 0;
		};
/* End PBXSourcesBuildPhase section */

/* Begin PBXTargetDependency section */
		E33889832E6200D600588266 /* PBXTargetDependency */ = {
			isa = PBXTargetDependency;
			target = E33889702E6200D500588266 /* RecmatcherApp */;
			targetProxy = E33889822E6200D600588266 /* PBXContainerItemProxy */;
		};
		E338898D2E6200D600588266 /* PBXTargetDependency */ = {
			isa = PBXTargetDependency;
			target = E33889702E6200D500588266 /* RecmatcherApp */;
			targetProxy = E338898C2E6200D600588266 /* PBXContainerItemProxy */;
		};
/* End PBXTargetDependency section */

/* Begin XCBuildConfiguration section */
		E33889932E6200D600588266 /* Debug */ = {
			isa = XCBuildConfiguration;
			buildSettings = {
				ALWAYS_SEARCH_USER_PATHS = NO;
				ASSETCATALOG_COMPILER_GENERATE_SWIFT_ASSET_SYMBOL_EXTENSIONS = YES;
				CLANG_ANALYZER_NONNULL = YES;
				CLANG_ANALYZER_NUMBER_OBJECT_CONVERSION = YES_AGGRESSIVE;
				CLANG_CXX_LANGUAGE_STANDARD = "gnu++20";
				CLANG_ENABLE_MODULES = YES;
				CLANG_ENABLE_OBJC_ARC = YES;
				CLANG_ENABLE_OBJC_WEAK = YES;
				CLANG_WARN_BLOCK_CAPTURE_AUTORELEASING = YES;
				CLANG_WARN_BOOL_CONVERSION = YES;
				CLANG_WARN_COMMA = YES;
				CLANG_WARN_CONSTANT_CONVERSION = YES;
				CLANG_WARN_DEPRECATED_OBJC_IMPLEMENTATIONS = YES;
				CLANG_WARN_DIRECT_OBJC_ISA_USAGE = YES_ERROR;
				CLANG_WARN_DOCUMENTATION_COMMENTS = YES;
				CLANG_WARN_EMPTY_BODY = YES;
				CLANG_WARN_ENUM_CONVERSION = YES;
				CLANG_WARN_INFINITE_RECURSION = YES;
				CLANG_WARN_INT_CONVERSION = YES;
				CLANG_WARN_NON_LITERAL_NULL_CONVERSION = YES;
				CLANG_WARN_OBJC_IMPLICIT_RETAIN_SELF = YES;
				CLANG_WARN_OBJC_LITERAL_CONVERSION = YES;
				CLANG_WARN_OBJC_ROOT_CLASS = YES_ERROR;
				CLANG_WARN_QUOTED_INCLUDE_IN_FRAMEWORK_HEADER = YES;
				CLANG_WARN_RANGE_LOOP_ANALYSIS = YES;
				CLANG_WARN_STRICT_PROTOTYPES = YES;
				CLANG_WARN_SUSPICIOUS_MOVE = YES;
				CLANG_WARN_UNGUARDED_AVAILABILITY = YES_AGGRESSIVE;
				CLANG_WARN_UNREACHABLE_CODE = YES;
				CLANG_WARN__DUPLICATE_METHOD_MATCH = YES;
				COPY_PHASE_STRIP = NO;
				DEBUG_INFORMATION_FORMAT = dwarf;
				DEVELOPMENT_TEAM = 6QGBC86QL9;
				ENABLE_STRICT_OBJC_MSGSEND = YES;
				ENABLE_TESTABILITY = YES;
				ENABLE_USER_SCRIPT_SANDBOXING = YES;
				GCC_C_LANGUAGE_STANDARD = gnu17;
				GCC_DYNAMIC_NO_PIC = NO;
				GCC_NO_COMMON_BLOCKS = YES;
				GCC_OPTIMIZATION_LEVEL = 0;
				GCC_PREPROCESSOR_DEFINITIONS = (
					"DEBUG=1",
					"$(inherited)",
				);
				GCC_WARN_64_TO_32_BIT_CONVERSION = YES;
				GCC_WARN_ABOUT_RETURN_TYPE = YES_ERROR;
				GCC_WARN_UNDECLARED_SELECTOR = YES;
				GCC_WARN_UNINITIALIZED_AUTOS = YES_AGGRESSIVE;
				GCC_WARN_UNUSED_FUNCTION = YES;
				GCC_WARN_UNUSED_VARIABLE = YES;
				LOCALIZATION_PREFERS_STRING_CATALOGS = YES;
				MACOSX_DEPLOYMENT_TARGET = 15.5;
				MTL_ENABLE_DEBUG_INFO = INCLUDE_SOURCE;
				MTL_FAST_MATH = YES;
				ONLY_ACTIVE_ARCH = YES;
				SDKROOT = macosx;
				SWIFT_ACTIVE_COMPILATION_CONDITIONS = "DEBUG $(inherited)";
				SWIFT_OPTIMIZATION_LEVEL = "-Onone";
			};
			name = Debug;
		};
		E33889942E6200D600588266 /* Release */ = {
			isa = XCBuildConfiguration;
			buildSettings = {
				ALWAYS_SEARCH_USER_PATHS = NO;
				ASSETCATALOG_COMPILER_GENERATE_SWIFT_ASSET_SYMBOL_EXTENSIONS = YES;
				CLANG_ANALYZER_NONNULL = YES;
				CLANG_ANALYZER_NUMBER_OBJECT_CONVERSION = YES_AGGRESSIVE;
				CLANG_CXX_LANGUAGE_STANDARD = "gnu++20";
				CLANG_ENABLE_MODULES = YES;
				CLANG_ENABLE_OBJC_ARC = YES;
				CLANG_ENABLE_OBJC_WEAK = YES;
				CLANG_WARN_BLOCK_CAPTURE_AUTORELEASING = YES;
				CLANG_WARN_BOOL_CONVERSION = YES;
				CLANG_WARN_COMMA = YES;
				CLANG_WARN_CONSTANT_CONVERSION = YES;
				CLANG_WARN_DEPRECATED_OBJC_IMPLEMENTATIONS = YES;
				CLANG_WARN_DIRECT_OBJC_ISA_USAGE = YES_ERROR;
				CLANG_WARN_DOCUMENTATION_COMMENTS = YES;
				CLANG_WARN_EMPTY_BODY = YES;
				CLANG_WARN_ENUM_CONVERSION = YES;
				CLANG_WARN_INFINITE_RECURSION = YES;
				CLANG_WARN_INT_CONVERSION = YES;
				CLANG_WARN_NON_LITERAL_NULL_CONVERSION = YES;
				CLANG_WARN_OBJC_IMPLICIT_RETAIN_SELF = YES;
				CLANG_WARN_OBJC_LITERAL_CONVERSION = YES;
				CLANG_WARN_OBJC_ROOT_CLASS = YES_ERROR;
				CLANG_WARN_QUOTED_INCLUDE_IN_FRAMEWORK_HEADER = YES;
				CLANG_WARN_RANGE_LOOP_ANALYSIS = YES;
				CLANG_WARN_STRICT_PROTOTYPES = YES;
				CLANG_WARN_SUSPICIOUS_MOVE = YES;
				CLANG_WARN_UNGUARDED_AVAILABILITY = YES_AGGRESSIVE;
				CLANG_WARN_UNREACHABLE_CODE = YES;
				CLANG_WARN__DUPLICATE_METHOD_MATCH = YES;
				COPY_PHASE_STRIP = NO;
				DEBUG_INFORMATION_FORMAT = "dwarf-with-dsym";
				DEVELOPMENT_TEAM = 6QGBC86QL9;
				ENABLE_NS_ASSERTIONS = NO;
				ENABLE_STRICT_OBJC_MSGSEND = YES;
				ENABLE_USER_SCRIPT_SANDBOXING = YES;
				GCC_C_LANGUAGE_STANDARD = gnu17;
				GCC_NO_COMMON_BLOCKS = YES;
				GCC_WARN_64_TO_32_BIT_CONVERSION = YES;
				GCC_WARN_ABOUT_RETURN_TYPE = YES_ERROR;
				GCC_WARN_UNDECLARED_SELECTOR = YES;
				GCC_WARN_UNINITIALIZED_AUTOS = YES_AGGRESSIVE;
				GCC_WARN_UNUSED_FUNCTION = YES;
				GCC_WARN_UNUSED_VARIABLE = YES;
				LOCALIZATION_PREFERS_STRING_CATALOGS = YES;
				MACOSX_DEPLOYMENT_TARGET = 15.5;
				MTL_ENABLE_DEBUG_INFO = NO;
				MTL_FAST_MATH = YES;
				SDKROOT = macosx;
				SWIFT_COMPILATION_MODE = wholemodule;
			};
			name = Release;
		};
		E33889962E6200D600588266 /* Debug */ = {
			isa = XCBuildConfiguration;
			buildSettings = {
				ASSETCATALOG_COMPILER_APPICON_NAME = AppIcon;
				ASSETCATALOG_COMPILER_GLOBAL_ACCENT_COLOR_NAME = AccentColor;
				CODE_SIGN_ENTITLEMENTS = RecmatcherApp/RecmatcherApp.entitlements;
				CODE_SIGN_STYLE = Automatic;
				COMBINE_HIDPI_IMAGES = YES;
				CURRENT_PROJECT_VERSION = 1;
				DEVELOPMENT_TEAM = 6QGBC86QL9;
				ENABLE_HARDENED_RUNTIME = YES;
				ENABLE_PREVIEWS = YES;
				GENERATE_INFOPLIST_FILE = YES;
				INFOPLIST_FILE = RecmatcherApp/Info.plist;
				INFOPLIST_KEY_NSHumanReadableCopyright = "";
				LD_RUNPATH_SEARCH_PATHS = (
					"$(inherited)",
					"@executable_path/../Frameworks",
				);
				MACOSX_DEPLOYMENT_TARGET = 14.0;
				MARKETING_VERSION = 1.0;
				PRODUCT_BUNDLE_IDENTIFIER = reclip.RecmatcherApp;
				PRODUCT_NAME = "$(TARGET_NAME)";
				REGISTER_APP_GROUPS = YES;
				SWIFT_EMIT_LOC_STRINGS = YES;
				SWIFT_VERSION = 5.0;
			};
			name = Debug;
		};
		E33889972E6200D600588266 /* Release */ = {
			isa = XCBuildConfiguration;
			buildSettings = {
				ASSETCATALOG_COMPILER_APPICON_NAME = AppIcon;
				ASSETCATALOG_COMPILER_GLOBAL_ACCENT_COLOR_NAME = AccentColor;
				CODE_SIGN_ENTITLEMENTS = RecmatcherApp/RecmatcherApp.entitlements;
				CODE_SIGN_STYLE = Automatic;
				COMBINE_HIDPI_IMAGES = YES;
				CURRENT_PROJECT_VERSION = 1;
				DEVELOPMENT_TEAM = 6QGBC86QL9;
				ENABLE_HARDENED_RUNTIME = YES;
				ENABLE_PREVIEWS = YES;
				GENERATE_INFOPLIST_FILE = YES;
				INFOPLIST_FILE = RecmatcherApp/Info.plist;
				INFOPLIST_KEY_NSHumanReadableCopyright = "";
				LD_RUNPATH_SEARCH_PATHS = (
					"$(inherited)",
					"@executable_path/../Frameworks",
				);
				MACOSX_DEPLOYMENT_TARGET = 14.0;
				MARKETING_VERSION = 1.0;
				PRODUCT_BUNDLE_IDENTIFIER = reclip.RecmatcherApp;
				PRODUCT_NAME = "$(TARGET_NAME)";
				REGISTER_APP_GROUPS = YES;
				SWIFT_EMIT_LOC_STRINGS = YES;
				SWIFT_VERSION = 5.0;
			};
			name = Release;
		};
		E33889992E6200D600588266 /* Debug */ = {
			isa = XCBuildConfiguration;
			buildSettings = {
				BUNDLE_LOADER = "$(TEST_HOST)";
				CODE_SIGN_STYLE = Automatic;
				CURRENT_PROJECT_VERSION = 1;
				DEVELOPMENT_TEAM = 6QGBC86QL9;
				GENERATE_INFOPLIST_FILE = YES;
				MACOSX_DEPLOYMENT_TARGET = 14.0;
				MARKETING_VERSION = 1.0;
				PRODUCT_BUNDLE_IDENTIFIER = reclip.RecmatcherAppTests;
				PRODUCT_NAME = "$(TARGET_NAME)";
				SWIFT_EMIT_LOC_STRINGS = NO;
				SWIFT_VERSION = 5.0;
				TEST_HOST = "$(BUILT_PRODUCTS_DIR)/RecmatcherApp.app/$(BUNDLE_EXECUTABLE_FOLDER_PATH)/RecmatcherApp";
			};
			name = Debug;
		};
		E338899A2E6200D600588266 /* Release */ = {
			isa = XCBuildConfiguration;
			buildSettings = {
				BUNDLE_LOADER = "$(TEST_HOST)";
				CODE_SIGN_STYLE = Automatic;
				CURRENT_PROJECT_VERSION = 1;
				DEVELOPMENT_TEAM = 6QGBC86QL9;
				GENERATE_INFOPLIST_FILE = YES;
				MACOSX_DEPLOYMENT_TARGET = 14.0;
				MARKETING_VERSION = 1.0;
				PRODUCT_BUNDLE_IDENTIFIER = reclip.RecmatcherAppTests;
				PRODUCT_NAME = "$(TARGET_NAME)";
				SWIFT_EMIT_LOC_STRINGS = NO;
				SWIFT_VERSION = 5.0;
				TEST_HOST = "$(BUILT_PRODUCTS_DIR)/RecmatcherApp.app/$(BUNDLE_EXECUTABLE_FOLDER_PATH)/RecmatcherApp";
			};
			name = Release;
		};
		E338899C2E6200D600588266 /* Debug */ = {
			isa = XCBuildConfiguration;
			buildSettings = {
				CODE_SIGN_STYLE = Automatic;
				CURRENT_PROJECT_VERSION = 1;
				DEVELOPMENT_TEAM = 6QGBC86QL9;
				GENERATE_INFOPLIST_FILE = YES;
				MARKETING_VERSION = 1.0;
				PRODUCT_BUNDLE_IDENTIFIER = reclip.RecmatcherAppUITests;
				PRODUCT_NAME = "$(TARGET_NAME)";
				SWIFT_EMIT_LOC_STRINGS = NO;
				SWIFT_VERSION = 5.0;
				TEST_TARGET_NAME = RecmatcherApp;
			};
			name = Debug;
		};
		E338899D2E6200D600588266 /* Release */ = {
			isa = XCBuildConfiguration;
			buildSettings = {
				CODE_SIGN_STYLE = Automatic;
				CURRENT_PROJECT_VERSION = 1;
				DEVELOPMENT_TEAM = 6QGBC86QL9;
				GENERATE_INFOPLIST_FILE = YES;
				MARKETING_VERSION = 1.0;
				PRODUCT_BUNDLE_IDENTIFIER = reclip.RecmatcherAppUITests;
				PRODUCT_NAME = "$(TARGET_NAME)";
				SWIFT_EMIT_LOC_STRINGS = NO;
				SWIFT_VERSION = 5.0;
				TEST_TARGET_NAME = RecmatcherApp;
			};
			name = Release;
		};
/* End XCBuildConfiguration section */

/* Begin XCConfigurationList section */
		E338896C2E6200D500588266 /* Build configuration list for PBXProject "RecmatcherApp" */ = {
			isa = XCConfigurationList;
			buildConfigurations = (
				E33889932E6200D600588266 /* Debug */,
				E33889942E6200D600588266 /* Release */,
			);
			defaultConfigurationIsVisible = 0;
			defaultConfigurationName = Release;
		};
		E33889952E6200D600588266 /* Build configuration list for PBXNativeTarget "RecmatcherApp" */ = {
			isa = XCConfigurationList;
			buildConfigurations = (
				E33889962E6200D600588266 /* Debug */,
				E33889972E6200D600588266 /* Release */,
			);
			defaultConfigurationIsVisible = 0;
			defaultConfigurationName = Release;
		};
		E33889982E6200D600588266 /* Build configuration list for PBXNativeTarget "RecmatcherAppTests" */ = {
			isa = XCConfigurationList;
			buildConfigurations = (
				E33889992E6200D600588266 /* Debug */,
				E338899A2E6200D600588266 /* Release */,
			);
			defaultConfigurationIsVisible = 0;
			defaultConfigurationName = Release;
		};
		E338899B2E6200D600588266 /* Build configuration list for PBXNativeTarget "RecmatcherAppUITests" */ = {
			isa = XCConfigurationList;
			buildConfigurations = (
				E338899C2E6200D600588266 /* Debug */,
				E338899D2E6200D600588266 /* Release */,
			);
			defaultConfigurationIsVisible = 0;
			defaultConfigurationName = Release;
		};
/* End XCConfigurationList section */
	};
	rootObject = E33889692E6200D500588266 /* Project object */;
}
